
Microsoft Visual Studio Solution File, Format Version 12.00
# Visual Studio Version 16
VisualStudioVersion = 16.0.32802.440
MinimumVisualStudioVersion = 10.0.40219.1
Project("{8BC9CEB8-8B4A-11D0-8D11-00A0C91BC942}") = "登录服务器", "LogonServer.vcxproj", "{5045510A-B2A7-4CAC-8087-0B725B0F61E5}"
EndProject
Global
	GlobalSection(SolutionConfigurationPlatforms) = preSolution
		Debug|x64 = Debug|x64
		Release|x64 = Release|x64
	EndGlobalSection
	GlobalSection(ProjectConfigurationPlatforms) = postSolution
		{5045510A-B2A7-4CAC-8087-0B725B0F61E5}.Debug|x64.ActiveCfg = Debug|x64
		{5045510A-B2A7-4CAC-8087-0B725B0F61E5}.Debug|x64.Build.0 = Debug|x64
		{5045510A-B2A7-4CAC-8087-0B725B0F61E5}.Release|x64.ActiveCfg = Release|x64
		{5045510A-B2A7-4CAC-8087-0B725B0F61E5}.Release|x64.Build.0 = Release|x64
	EndGlobalSection
	GlobalSection(SolutionProperties) = preSolution
		HideSolutionNode = FALSE
	EndGlobalSection
	GlobalSection(ExtensibilityGlobals) = postSolution
		SolutionGuid = {D34CEA44-6ABA-4DEE-85D0-53151A6F57B1}
	EndGlobalSection
EndGlobal
