
Microsoft Visual Studio Solution File, Format Version 12.00
# Visual Studio Version 16
VisualStudioVersion = 16.0.32802.440
MinimumVisualStudioVersion = 10.0.40219.1
Project("{8BC9CEB8-8B4A-11D0-8D11-00A0C91BC942}") = "日志服务", "LoggerService.vcxproj", "{76ABC303-CC3B-4C9E-B85E-85B16CBB646C}"
EndProject
Global
	GlobalSection(SolutionConfigurationPlatforms) = preSolution
		Debug|x64 = Debug|x64
		Release|x64 = Release|x64
	EndGlobalSection
	GlobalSection(ProjectConfigurationPlatforms) = postSolution
		{76ABC303-CC3B-4C9E-B85E-85B16CBB646C}.Debug|x64.ActiveCfg = Debug|x64
		{76ABC303-CC3B-4C9E-B85E-85B16CBB646C}.Debug|x64.Build.0 = Debug|x64
		{76ABC303-CC3B-4C9E-B85E-85B16CBB646C}.Release|x64.ActiveCfg = Release|x64
		{76ABC303-CC3B-4C9E-B85E-85B16CBB646C}.Release|x64.Build.0 = Release|x64
	EndGlobalSection
	GlobalSection(SolutionProperties) = preSolution
		HideSolutionNode = FALSE
	EndGlobalSection
	GlobalSection(ExtensibilityGlobals) = postSolution
		SolutionGuid = {A4EA9669-B8AD-422A-B7B0-F88744646056}
	EndGlobalSection
EndGlobal
