Microsoft Visual Studio Solution File, Format Version 12.00
# Visual Studio Version 16
VisualStudioVersion = 16.0.32802.440
MinimumVisualStudioVersion = 10.0.40219.1
Project("{8BC9CEB8-8B4A-11D0-8D11-00A0C91BC942}") = "æ„¿÷≤øπ„≥°", "ClubPlaza.vcxproj", "{B5327815-0A76-471B-BD30-E11ED0888F52}"
EndProject
Global
	GlobalSection(SolutionConfigurationPlatforms) = preSolution
		Debug|x64 = Debug|x64
		Release|x64 = Release|x64
	EndGlobalSection
	GlobalSection(ProjectConfigurationPlatforms) = postSolution
		{B5327815-0A76-471B-BD30-E11ED0888F52}.Debug|x64.ActiveCfg = Debug|x64
		{B5327815-0A76-471B-BD30-E11ED0888F52}.Debug|x64.Build.0 = Debug|x64
		{B5327815-0A76-471B-BD30-E11ED0888F52}.Release|x64.ActiveCfg = Release|x64
		{B5327815-0A76-471B-BD30-E11ED0888F52}.Release|x64.Build.0 = Release|x64
	EndGlobalSection
	GlobalSection(SolutionProperties) = preSolution
		HideSolutionNode = FALSE
	EndGlobalSection
	GlobalSection(ExtensibilityGlobals) = postSolution
		SolutionGuid = {C493AB9E-38B7-4B18-B096-CF20C2EC0A8E}
	EndGlobalSection
EndGlobal
