<?xml version="1.0" encoding="utf-8"?>
<Project ToolsVersion="4.0" xmlns="http://schemas.microsoft.com/developer/msbuild/2003">
  <ItemGroup>
    <ClCompile Include="CheckComboBox.cpp">
      <Filter>源文件</Filter>
    </ClCompile>
    <ClCompile Include="Other\Custsite.cpp">
      <Filter>源文件</Filter>
    </ClCompile>
    <ClCompile Include="DlgLogon.cpp">
      <Filter>源文件</Filter>
    </ClCompile>
    <ClCompile Include="DlgSessionItem.cpp">
      <Filter>源文件</Filter>
    </ClCompile>
    <ClCompile Include="DlgStatus.cpp">
      <Filter>源文件</Filter>
    </ClCompile>
    <ClCompile Include="GlobalUnits.cpp">
      <Filter>源文件</Filter>
    </ClCompile>
    <ClCompile Include="Other\IDispimp.cpp">
      <Filter>源文件</Filter>
    </ClCompile>
    <ClCompile Include="ManagerTool.cpp">
      <Filter>源文件</Filter>
    </ClCompile>
    <ClCompile Include="PlatformFrame.cpp">
      <Filter>源文件</Filter>
    </ClCompile>
    <ClCompile Include="Stdafx.cpp">
      <Filter>源文件</Filter>
    </ClCompile>
    <ClCompile Include="DlgSessionRobot.cpp">
      <Filter>源文件</Filter>
    </ClCompile>
    <ClCompile Include="DlgSessionServer.cpp">
      <Filter>源文件</Filter>
    </ClCompile>
    <ClCompile Include="DlgSessionStock.cpp">
      <Filter>源文件</Filter>
    </ClCompile>
    <ClCompile Include="SessionLogon.cpp">
      <Filter>源文件</Filter>
    </ClCompile>
    <ClCompile Include="CustomListCtrl.cpp">
      <Filter>源文件</Filter>
    </ClCompile>
    <ClCompile Include="VirtualLinkManager.cpp">
      <Filter>源文件</Filter>
    </ClCompile>
    <ClCompile Include="DispatchManager.cpp">
      <Filter>源文件</Filter>
    </ClCompile>
    <ClCompile Include="DlgSessionConfig.cpp">
      <Filter>源文件</Filter>
    </ClCompile>
  </ItemGroup>
  <ItemGroup>
    <ClInclude Include="CheckComboBox.h">
      <Filter>头文件</Filter>
    </ClInclude>
    <ClInclude Include="Other\Custsite.h">
      <Filter>头文件</Filter>
    </ClInclude>
    <ClInclude Include="DlgLogon.h">
      <Filter>头文件</Filter>
    </ClInclude>
    <ClInclude Include="DlgSessionItem.h">
      <Filter>头文件</Filter>
    </ClInclude>
    <ClInclude Include="DlgStatus.h">
      <Filter>头文件</Filter>
    </ClInclude>
    <ClInclude Include="GlobalUnits.h">
      <Filter>头文件</Filter>
    </ClInclude>
    <ClInclude Include="Other\IDispimp.h">
      <Filter>头文件</Filter>
    </ClInclude>
    <ClInclude Include="ManagerTool.h">
      <Filter>头文件</Filter>
    </ClInclude>
    <ClInclude Include="ManagerToolModule.h">
      <Filter>头文件</Filter>
    </ClInclude>
    <ClInclude Include="PlatformFrame.h">
      <Filter>头文件</Filter>
    </ClInclude>
    <ClInclude Include="Resource.h">
      <Filter>头文件</Filter>
    </ClInclude>
    <ClInclude Include="Stdafx.h">
      <Filter>头文件</Filter>
    </ClInclude>
    <ClInclude Include="targetver.h">
      <Filter>头文件</Filter>
    </ClInclude>
    <ClInclude Include="CardDispatcher.h">
      <Filter>头文件</Filter>
    </ClInclude>
    <ClInclude Include="DlgSessionServer.h">
      <Filter>头文件</Filter>
    </ClInclude>
    <ClInclude Include="DlgSessionStock.h">
      <Filter>头文件</Filter>
    </ClInclude>
    <ClInclude Include="SessionLogon.h">
      <Filter>头文件</Filter>
    </ClInclude>
    <ClInclude Include="CustomListCtrl.h">
      <Filter>头文件</Filter>
    </ClInclude>
    <ClInclude Include="VirtualLinkManager.h">
      <Filter>头文件</Filter>
    </ClInclude>
    <ClInclude Include="DispatchManager.h">
      <Filter>头文件</Filter>
    </ClInclude>
    <ClInclude Include="DlgSessionConfig.h">
      <Filter>头文件</Filter>
    </ClInclude>
    <ClInclude Include="DataDefine.h">
      <Filter>头文件</Filter>
    </ClInclude>
  </ItemGroup>
  <ItemGroup>
    <Image Include="Res\BREVIARY_MAP.bmp">
      <Filter>资源文件</Filter>
    </Image>
    <Image Include="Res\BT_CHANGE.bmp">
      <Filter>资源文件</Filter>
    </Image>
    <Image Include="Res\BT_LOCK.bmp">
      <Filter>资源文件</Filter>
    </Image>
    <Image Include="Res\BT_QUIT.bmp">
      <Filter>资源文件</Filter>
    </Image>
    <Image Include="Res\BT_QUITGAME.bmp">
      <Filter>资源文件</Filter>
    </Image>
    <Image Include="Res\BT_UNLOCK.bmp">
      <Filter>资源文件</Filter>
    </Image>
    <Image Include="Res\BT_USER_MENU.bmp">
      <Filter>资源文件</Filter>
    </Image>
    <Image Include="Res\CANCEL_DETEST.bmp">
      <Filter>资源文件</Filter>
    </Image>
    <Image Include="Res\CANCEL_FRIEND.bmp">
      <Filter>资源文件</Filter>
    </Image>
    <Image Include="Res\COMPANION_LIST_IMAGE.bmp">
      <Filter>资源文件</Filter>
    </Image>
    <Image Include="Res\FACE_FRAME.bmp">
      <Filter>资源文件</Filter>
    </Image>
    <Image Include="Res\King.ico">
      <Filter>资源文件</Filter>
    </Image>
    <Image Include="Res\ManagerTool.ico">
      <Filter>资源文件</Filter>
    </Image>
    <Image Include="Res\MESSAGE_SETTING.bmp">
      <Filter>资源文件</Filter>
    </Image>
    <Image Include="Res\NULL.ico">
      <Filter>资源文件</Filter>
    </Image>
    <Image Include="Res\PLATFORM_LOGO.png">
      <Filter>资源文件</Filter>
    </Image>
    <Image Include="Res\PUBLICIZE_LOGO.bmp">
      <Filter>资源文件</Filter>
    </Image>
    <Image Include="Res\REVECE_WHISPER.bmp">
      <Filter>资源文件</Filter>
    </Image>
    <Image Include="Res\scroll.bmp">
      <Filter>资源文件</Filter>
    </Image>
    <Image Include="Res\SEARCH.ico">
      <Filter>资源文件</Filter>
    </Image>
    <Image Include="Res\SERVER_LIST_IMAGE.bmp">
      <Filter>资源文件</Filter>
    </Image>
    <Image Include="Res\SERVICE_LIST_IMAGE.bmp">
      <Filter>资源文件</Filter>
    </Image>
    <Image Include="Res\SET_DETEST.bmp">
      <Filter>资源文件</Filter>
    </Image>
    <Image Include="Res\SET_FRIEND.bmp">
      <Filter>资源文件</Filter>
    </Image>
    <Image Include="Res\SHIELD_WHISPER.bmp">
      <Filter>资源文件</Filter>
    </Image>
    <Image Include="Res\Sun.bmp">
      <Filter>资源文件</Filter>
    </Image>
    <Image Include="Res\TABLE_LOCKER.bmp">
      <Filter>资源文件</Filter>
    </Image>
    <Image Include="Res\WHISPER_USER_INFO_T.bmp">
      <Filter>资源文件</Filter>
    </Image>
    <Image Include="Res\TITLE_DLG_BUG_REPORT.png">
      <Filter>资源文件</Filter>
    </Image>
    <Image Include="Res\TITLE_DLG_CHART.png">
      <Filter>资源文件</Filter>
    </Image>
    <Image Include="Res\TITLE_DLG_COLLOCATE.PNG">
      <Filter>资源文件</Filter>
    </Image>
    <Image Include="Res\TITLE_DLG_COMPANION.PNG">
      <Filter>资源文件</Filter>
    </Image>
    <Image Include="Res\TITLE_DLG_ENQUIRE.png">
      <Filter>资源文件</Filter>
    </Image>
    <Image Include="Res\TITLE_DLG_INDIVIDUAL.png">
      <Filter>资源文件</Filter>
    </Image>
    <Image Include="Res\TITLE_DLG_LOGON.png">
      <Filter>资源文件</Filter>
    </Image>
    <Image Include="Res\TITLE_DLG_SERVICE.png">
      <Filter>资源文件</Filter>
    </Image>
    <Image Include="Res\TITLE_DLG_SET_SAFE.png">
      <Filter>资源文件</Filter>
    </Image>
    <Image Include="Res\TITLE_DLG_SYSTEM_AFFICHE.PNG">
      <Filter>资源文件</Filter>
    </Image>
    <Image Include="Res\USER_EXPERIENCE.bmp">
      <Filter>资源文件</Filter>
    </Image>
    <Image Include="Res\WEB_PAGE_LOADING.png">
      <Filter>资源文件</Filter>
    </Image>
    <Image Include="Res\WHISPER.ico">
      <Filter>资源文件</Filter>
    </Image>
    <Image Include="Res\WHISPER_USER_INFO_B.bmp">
      <Filter>资源文件</Filter>
    </Image>
    <Image Include="Res\WHISPER_USER_INFO_M.bmp">
      <Filter>资源文件</Filter>
    </Image>
    <Image Include="Res\Table_locker.png">
      <Filter>资源文件</Filter>
    </Image>
    <Image Include="Res\TABLE_NUMBER.bmp">
      <Filter>资源文件</Filter>
    </Image>
    <Image Include="Res\TABLE_NUMBER.png">
      <Filter>资源文件</Filter>
    </Image>
    <Image Include="Res\TABLE_NUMBER_WHITE.png">
      <Filter>资源文件</Filter>
    </Image>
    <Image Include="Res\TABLE_NUMBER_YELLOW.png">
      <Filter>资源文件</Filter>
    </Image>
    <Image Include="Res\TABLE_PASSWORD.ico">
      <Filter>资源文件</Filter>
    </Image>
    <Image Include="Res\TABLE_PASSWORD.png">
      <Filter>资源文件</Filter>
    </Image>
    <Image Include="Res\TABLE_READY.bmp">
      <Filter>资源文件</Filter>
    </Image>
    <Image Include="Res\Table_ready.png">
      <Filter>资源文件</Filter>
    </Image>
    <Image Include="Res\TABLE_WAN.png">
      <Filter>资源文件</Filter>
    </Image>
  </ItemGroup>
  <ItemGroup>
    <None Include="Res\GAME_LOAD.ani">
      <Filter>资源文件</Filter>
    </None>
    <None Include="Res\HAND_CUR.cur">
      <Filter>资源文件</Filter>
    </None>
    <None Include="Res\ManagerTool.rc2">
      <Filter>资源文件</Filter>
    </None>
  </ItemGroup>
  <ItemGroup>
    <Filter Include="资源文件">
      <UniqueIdentifier>{033806ef-60a1-4d4a-9981-40f1260fd087}</UniqueIdentifier>
    </Filter>
    <Filter Include="源文件">
      <UniqueIdentifier>{ce1eb9b6-2088-4134-bc70-7ee1251cfef5}</UniqueIdentifier>
    </Filter>
    <Filter Include="头文件">
      <UniqueIdentifier>{b51a6ef2-4b06-40d2-b5f5-e262f028f6b7}</UniqueIdentifier>
    </Filter>
  </ItemGroup>
  <ItemGroup>
    <ResourceCompile Include="ManagerTool.rc">
      <Filter>资源文件</Filter>
    </ResourceCompile>
  </ItemGroup>
</Project>