
Microsoft Visual Studio Solution File, Format Version 12.00
# Visual Studio Version 17
VisualStudioVersion = 17.13.35818.85 d17.13
MinimumVisualStudioVersion = 10.0.40219.1
Project("{8BC9CEB8-8B4A-11D0-8D11-00A0C91BC942}") = "服务框架", "服务器组件\服务框架\ServiceFrame.vcxproj", "{9A11736F-97F3-4F52-B605-AB62A9380D51}"
	ProjectSection(ProjectDependencies) = postProject
		{3106B422-A4EC-4E3C-BB84-06F82C927D43} = {3106B422-A4EC-4E3C-BB84-06F82C927D43}
	EndProjectSection
EndProject
Project("{8BC9CEB8-8B4A-11D0-8D11-00A0C91BC942}") = "登录服务器", "服务器组件\登录服务器\LogonServer.vcxproj", "{5045510A-B2A7-4CAC-8087-0B725B0F61E5}"
EndProject
Project("{8BC9CEB8-8B4A-11D0-8D11-00A0C91BC942}") = "游戏服务器", "服务器组件\游戏服务器\GameServer.vcxproj", "{3E631AED-F00C-4AC4-B90D-8620BF5E6A0E}"
EndProject
Project("{8BC9CEB8-8B4A-11D0-8D11-00A0C91BC942}") = "游戏服务", "服务器组件\游戏服务\GameService.vcxproj", "{13C0BD02-5C43-4146-A47A-4063C038B7E8}"
	ProjectSection(ProjectDependencies) = postProject
		{76ABC303-CC3B-4C9E-B85E-85B16CBB646C} = {76ABC303-CC3B-4C9E-B85E-85B16CBB646C}
		{3106B422-A4EC-4E3C-BB84-06F82C927D43} = {3106B422-A4EC-4E3C-BB84-06F82C927D43}
		{9E27484B-E399-4469-89D4-FF0FF34E233E} = {9E27484B-E399-4469-89D4-FF0FF34E233E}
		{424A415F-C6BB-4C76-A066-A1DEAD802C69} = {424A415F-C6BB-4C76-A066-A1DEAD802C69}
		{2D926B65-1CA6-4941-8270-E74EEB36D878} = {2D926B65-1CA6-4941-8270-E74EEB36D878}
		{BC3A8D96-A2E4-4496-84AB-B3AE15FC4989} = {BC3A8D96-A2E4-4496-84AB-B3AE15FC4989}
		{CA071FF5-97BF-42C3-99AF-FE8F8A0F0AF2} = {CA071FF5-97BF-42C3-99AF-FE8F8A0F0AF2}
	EndProjectSection
EndProject
Project("{8BC9CEB8-8B4A-11D0-8D11-00A0C91BC942}") = "模块管理", "服务器组件\模块管理\ModuleManager.vcxproj", "{424A415F-C6BB-4C76-A066-A1DEAD802C69}"
	ProjectSection(ProjectDependencies) = postProject
		{9A11736F-97F3-4F52-B605-AB62A9380D51} = {9A11736F-97F3-4F52-B605-AB62A9380D51}
		{BC3A8D96-A2E4-4496-84AB-B3AE15FC4989} = {BC3A8D96-A2E4-4496-84AB-B3AE15FC4989}
	EndProjectSection
EndProject
Project("{8BC9CEB8-8B4A-11D0-8D11-00A0C91BC942}") = "录像服务", "服务器组件\录像服务\VideoService.vcxproj", "{CA071FF5-97BF-42C3-99AF-FE8F8A0F0AF2}"
	ProjectSection(ProjectDependencies) = postProject
		{3106B422-A4EC-4E3C-BB84-06F82C927D43} = {3106B422-A4EC-4E3C-BB84-06F82C927D43}
		{9A11736F-97F3-4F52-B605-AB62A9380D51} = {9A11736F-97F3-4F52-B605-AB62A9380D51}
	EndProjectSection
EndProject
Project("{8BC9CEB8-8B4A-11D0-8D11-00A0C91BC942}") = "消息服务器", "服务器组件\消息服务器\MessageServer.vcxproj", "{8CD7EF8E-8269-49ED-877F-B4ACF93AD44C}"
	ProjectSection(ProjectDependencies) = postProject
		{9A11736F-97F3-4F52-B605-AB62A9380D51} = {9A11736F-97F3-4F52-B605-AB62A9380D51}
	EndProjectSection
EndProject
Project("{8BC9CEB8-8B4A-11D0-8D11-00A0C91BC942}") = "存储服务器", "服务器组件\存储服务器\StoreServer.vcxproj", "{A8C52AB8-2EDE-484C-B840-BF9FF830D8AF}"
	ProjectSection(ProjectDependencies) = postProject
		{9A11736F-97F3-4F52-B605-AB62A9380D51} = {9A11736F-97F3-4F52-B605-AB62A9380D51}
	EndProjectSection
EndProject
Project("{8BC9CEB8-8B4A-11D0-8D11-00A0C91BC942}") = "公共服务", "公共组件\公共服务\CommonService.vcxproj", "{3106B422-A4EC-4E3C-BB84-06F82C927D43}"
EndProject
Project("{8BC9CEB8-8B4A-11D0-8D11-00A0C91BC942}") = "网关服务器", "服务器组件\网关服务器\GateServer.vcxproj", "{0D8E3714-BB16-4A9F-831D-A4E18E018C97}"
	ProjectSection(ProjectDependencies) = postProject
		{9A11736F-97F3-4F52-B605-AB62A9380D51} = {9A11736F-97F3-4F52-B605-AB62A9380D51}
	EndProjectSection
EndProject
Project("{8BC9CEB8-8B4A-11D0-8D11-00A0C91BC942}") = "监控服务", "服务器组件\监控服务\MonitorService.vcxproj", "{2D926B65-1CA6-4941-8270-E74EEB36D878}"
	ProjectSection(ProjectDependencies) = postProject
		{9A11736F-97F3-4F52-B605-AB62A9380D51} = {9A11736F-97F3-4F52-B605-AB62A9380D51}
	EndProjectSection
EndProject
Project("{8BC9CEB8-8B4A-11D0-8D11-00A0C91BC942}") = "日志服务", "服务器组件\日志服务\LoggerService.vcxproj", "{76ABC303-CC3B-4C9E-B85E-85B16CBB646C}"
	ProjectSection(ProjectDependencies) = postProject
		{3106B422-A4EC-4E3C-BB84-06F82C927D43} = {3106B422-A4EC-4E3C-BB84-06F82C927D43}
	EndProjectSection
EndProject
Project("{8BC9CEB8-8B4A-11D0-8D11-00A0C91BC942}") = "日志服务器", "服务器组件\日志服务器\LoggerServer.vcxproj", "{0EC82A55-90E4-4ED6-9021-BE534DCC67F4}"
	ProjectSection(ProjectDependencies) = postProject
		{76ABC303-CC3B-4C9E-B85E-85B16CBB646C} = {76ABC303-CC3B-4C9E-B85E-85B16CBB646C}
		{9A11736F-97F3-4F52-B605-AB62A9380D51} = {9A11736F-97F3-4F52-B605-AB62A9380D51}
	EndProjectSection
EndProject
Project("{8BC9CEB8-8B4A-11D0-8D11-00A0C91BC942}") = "监控服务器", "服务器组件\监控服务器\MonitorServer.vcxproj", "{D838B9D8-CBDF-48A8-BA89-747D01F69F49}"
	ProjectSection(ProjectDependencies) = postProject
		{2D926B65-1CA6-4941-8270-E74EEB36D878} = {2D926B65-1CA6-4941-8270-E74EEB36D878}
		{9A11736F-97F3-4F52-B605-AB62A9380D51} = {9A11736F-97F3-4F52-B605-AB62A9380D51}
	EndProjectSection
EndProject
Project("{8BC9CEB8-8B4A-11D0-8D11-00A0C91BC942}") = "配置服务", "服务器组件\配置服务\ConfigService.vcxproj", "{BC3A8D96-A2E4-4496-84AB-B3AE15FC4989}"
	ProjectSection(ProjectDependencies) = postProject
		{3106B422-A4EC-4E3C-BB84-06F82C927D43} = {3106B422-A4EC-4E3C-BB84-06F82C927D43}
		{9A11736F-97F3-4F52-B605-AB62A9380D51} = {9A11736F-97F3-4F52-B605-AB62A9380D51}
	EndProjectSection
EndProject
Project("{8BC9CEB8-8B4A-11D0-8D11-00A0C91BC942}") = "查询服务器", "服务器组件\查询服务器\QueryServer.vcxproj", "{3CAFF1FB-45B6-4B4E-A1D6-57BA21867BD7}"
	ProjectSection(ProjectDependencies) = postProject
		{9A11736F-97F3-4F52-B605-AB62A9380D51} = {9A11736F-97F3-4F52-B605-AB62A9380D51}
	EndProjectSection
EndProject
Project("{8BC9CEB8-8B4A-11D0-8D11-00A0C91BC942}") = "中心服务器", "服务器组件\中心服务器\CenterServer.vcxproj", "{CC6D79E0-99CE-498E-A1A6-DFCB030A6420}"
EndProject
Project("{8BC9CEB8-8B4A-11D0-8D11-00A0C91BC942}") = "进程通讯", "公共组件\进程通讯\ProcessTrade.vcxproj", "{9E27484B-E399-4469-89D4-FF0FF34E233E}"
	ProjectSection(ProjectDependencies) = postProject
		{3106B422-A4EC-4E3C-BB84-06F82C927D43} = {3106B422-A4EC-4E3C-BB84-06F82C927D43}
	EndProjectSection
EndProject
Project("{8BC9CEB8-8B4A-11D0-8D11-00A0C91BC942}") = "约战服务", "服务器组件\约战服务\BattleService.vcxproj", "{F5D8A27B-C323-490B-AB37-C0FE65141179}"
EndProject
Project("{8BC9CEB8-8B4A-11D0-8D11-00A0C91BC942}") = "约战服务器", "服务器组件\约战服务器\BattleServer.vcxproj", "{3A4A7F61-9331-4470-8AAD-7D652AF29676}"
EndProject
Project("{8BC9CEB8-8B4A-11D0-8D11-00A0C91BC942}") = "俱乐部服务", "服务器组件\俱乐部服务\ClubServer.vcxproj", "{E368925C-0BC5-4FFC-A547-81C845D78189}"
EndProject
Project("{8BC9CEB8-8B4A-11D0-8D11-00A0C91BC942}") = "俱乐部广场", "服务器组件\俱乐部广场\ClubPlaza.vcxproj", "{B5327815-0A76-471B-BD30-E11ED0888F52}"
EndProject
Project("{8BC9CEB8-8B4A-11D0-8D11-00A0C91BC942}") = "内核引擎", "服务器组件\内核引擎移植\KernelEngine.vcxproj", "{D2DCD2DF-F137-4E5E-90CE-6DB4553C1DA9}"
EndProject
Global
	GlobalSection(SolutionConfigurationPlatforms) = preSolution
		Debug_Unicode|x64 = Debug_Unicode|x64
		Debug_Unicode|x86 = Debug_Unicode|x86
		Debug|x64 = Debug|x64
		Debug|x86 = Debug|x86
		Release_Unicode|x64 = Release_Unicode|x64
		Release_Unicode|x86 = Release_Unicode|x86
		Release|x64 = Release|x64
		Release|x86 = Release|x86
	EndGlobalSection
	GlobalSection(ProjectConfigurationPlatforms) = postSolution
		{9A11736F-97F3-4F52-B605-AB62A9380D51}.Debug_Unicode|x64.ActiveCfg = Debug|x64
		{9A11736F-97F3-4F52-B605-AB62A9380D51}.Debug_Unicode|x64.Build.0 = Debug|x64
		{9A11736F-97F3-4F52-B605-AB62A9380D51}.Debug_Unicode|x86.ActiveCfg = Debug|Win32
		{9A11736F-97F3-4F52-B605-AB62A9380D51}.Debug_Unicode|x86.Build.0 = Debug|Win32
		{9A11736F-97F3-4F52-B605-AB62A9380D51}.Debug|x64.ActiveCfg = Debug|x64
		{9A11736F-97F3-4F52-B605-AB62A9380D51}.Debug|x64.Build.0 = Debug|x64
		{9A11736F-97F3-4F52-B605-AB62A9380D51}.Debug|x86.ActiveCfg = Debug|Win32
		{9A11736F-97F3-4F52-B605-AB62A9380D51}.Debug|x86.Build.0 = Debug|Win32
		{9A11736F-97F3-4F52-B605-AB62A9380D51}.Release_Unicode|x64.ActiveCfg = Release|x64
		{9A11736F-97F3-4F52-B605-AB62A9380D51}.Release_Unicode|x64.Build.0 = Release|x64
		{9A11736F-97F3-4F52-B605-AB62A9380D51}.Release_Unicode|x86.ActiveCfg = Release|Win32
		{9A11736F-97F3-4F52-B605-AB62A9380D51}.Release_Unicode|x86.Build.0 = Release|Win32
		{9A11736F-97F3-4F52-B605-AB62A9380D51}.Release|x64.ActiveCfg = Release|x64
		{9A11736F-97F3-4F52-B605-AB62A9380D51}.Release|x64.Build.0 = Release|x64
		{9A11736F-97F3-4F52-B605-AB62A9380D51}.Release|x86.ActiveCfg = Release|Win32
		{9A11736F-97F3-4F52-B605-AB62A9380D51}.Release|x86.Build.0 = Release|Win32
		{5045510A-B2A7-4CAC-8087-0B725B0F61E5}.Debug_Unicode|x64.ActiveCfg = Debug|x64
		{5045510A-B2A7-4CAC-8087-0B725B0F61E5}.Debug_Unicode|x64.Build.0 = Debug|x64
		{5045510A-B2A7-4CAC-8087-0B725B0F61E5}.Debug_Unicode|x86.ActiveCfg = Debug|Win32
		{5045510A-B2A7-4CAC-8087-0B725B0F61E5}.Debug_Unicode|x86.Build.0 = Debug|Win32
		{5045510A-B2A7-4CAC-8087-0B725B0F61E5}.Debug|x64.ActiveCfg = Debug|x64
		{5045510A-B2A7-4CAC-8087-0B725B0F61E5}.Debug|x64.Build.0 = Debug|x64
		{5045510A-B2A7-4CAC-8087-0B725B0F61E5}.Debug|x86.ActiveCfg = Debug|Win32
		{5045510A-B2A7-4CAC-8087-0B725B0F61E5}.Debug|x86.Build.0 = Debug|Win32
		{5045510A-B2A7-4CAC-8087-0B725B0F61E5}.Release_Unicode|x64.ActiveCfg = Release|x64
		{5045510A-B2A7-4CAC-8087-0B725B0F61E5}.Release_Unicode|x64.Build.0 = Release|x64
		{5045510A-B2A7-4CAC-8087-0B725B0F61E5}.Release_Unicode|x86.ActiveCfg = Release|Win32
		{5045510A-B2A7-4CAC-8087-0B725B0F61E5}.Release_Unicode|x86.Build.0 = Release|Win32
		{5045510A-B2A7-4CAC-8087-0B725B0F61E5}.Release|x64.ActiveCfg = Release|x64
		{5045510A-B2A7-4CAC-8087-0B725B0F61E5}.Release|x64.Build.0 = Release|x64
		{5045510A-B2A7-4CAC-8087-0B725B0F61E5}.Release|x86.ActiveCfg = Release|Win32
		{5045510A-B2A7-4CAC-8087-0B725B0F61E5}.Release|x86.Build.0 = Release|Win32
		{3E631AED-F00C-4AC4-B90D-8620BF5E6A0E}.Debug_Unicode|x64.ActiveCfg = Debug|x64
		{3E631AED-F00C-4AC4-B90D-8620BF5E6A0E}.Debug_Unicode|x64.Build.0 = Debug|x64
		{3E631AED-F00C-4AC4-B90D-8620BF5E6A0E}.Debug_Unicode|x86.ActiveCfg = Debug|Win32
		{3E631AED-F00C-4AC4-B90D-8620BF5E6A0E}.Debug_Unicode|x86.Build.0 = Debug|Win32
		{3E631AED-F00C-4AC4-B90D-8620BF5E6A0E}.Debug|x64.ActiveCfg = Debug|x64
		{3E631AED-F00C-4AC4-B90D-8620BF5E6A0E}.Debug|x64.Build.0 = Debug|x64
		{3E631AED-F00C-4AC4-B90D-8620BF5E6A0E}.Debug|x86.ActiveCfg = Debug|Win32
		{3E631AED-F00C-4AC4-B90D-8620BF5E6A0E}.Debug|x86.Build.0 = Debug|Win32
		{3E631AED-F00C-4AC4-B90D-8620BF5E6A0E}.Release_Unicode|x64.ActiveCfg = Release|x64
		{3E631AED-F00C-4AC4-B90D-8620BF5E6A0E}.Release_Unicode|x64.Build.0 = Release|x64
		{3E631AED-F00C-4AC4-B90D-8620BF5E6A0E}.Release_Unicode|x86.ActiveCfg = Release|Win32
		{3E631AED-F00C-4AC4-B90D-8620BF5E6A0E}.Release_Unicode|x86.Build.0 = Release|Win32
		{3E631AED-F00C-4AC4-B90D-8620BF5E6A0E}.Release|x64.ActiveCfg = Release|x64
		{3E631AED-F00C-4AC4-B90D-8620BF5E6A0E}.Release|x64.Build.0 = Release|x64
		{3E631AED-F00C-4AC4-B90D-8620BF5E6A0E}.Release|x86.ActiveCfg = Release|Win32
		{3E631AED-F00C-4AC4-B90D-8620BF5E6A0E}.Release|x86.Build.0 = Release|Win32
		{13C0BD02-5C43-4146-A47A-4063C038B7E8}.Debug_Unicode|x64.ActiveCfg = Debug|x64
		{13C0BD02-5C43-4146-A47A-4063C038B7E8}.Debug_Unicode|x64.Build.0 = Debug|x64
		{13C0BD02-5C43-4146-A47A-4063C038B7E8}.Debug_Unicode|x86.ActiveCfg = Debug|Win32
		{13C0BD02-5C43-4146-A47A-4063C038B7E8}.Debug_Unicode|x86.Build.0 = Debug|Win32
		{13C0BD02-5C43-4146-A47A-4063C038B7E8}.Debug|x64.ActiveCfg = Debug|x64
		{13C0BD02-5C43-4146-A47A-4063C038B7E8}.Debug|x64.Build.0 = Debug|x64
		{13C0BD02-5C43-4146-A47A-4063C038B7E8}.Debug|x86.ActiveCfg = Debug|Win32
		{13C0BD02-5C43-4146-A47A-4063C038B7E8}.Debug|x86.Build.0 = Debug|Win32
		{13C0BD02-5C43-4146-A47A-4063C038B7E8}.Release_Unicode|x64.ActiveCfg = Release|x64
		{13C0BD02-5C43-4146-A47A-4063C038B7E8}.Release_Unicode|x64.Build.0 = Release|x64
		{13C0BD02-5C43-4146-A47A-4063C038B7E8}.Release_Unicode|x86.ActiveCfg = Release|Win32
		{13C0BD02-5C43-4146-A47A-4063C038B7E8}.Release_Unicode|x86.Build.0 = Release|Win32
		{13C0BD02-5C43-4146-A47A-4063C038B7E8}.Release|x64.ActiveCfg = Release|x64
		{13C0BD02-5C43-4146-A47A-4063C038B7E8}.Release|x64.Build.0 = Release|x64
		{13C0BD02-5C43-4146-A47A-4063C038B7E8}.Release|x86.ActiveCfg = Release|Win32
		{13C0BD02-5C43-4146-A47A-4063C038B7E8}.Release|x86.Build.0 = Release|Win32
		{424A415F-C6BB-4C76-A066-A1DEAD802C69}.Debug_Unicode|x64.ActiveCfg = Debug|x64
		{424A415F-C6BB-4C76-A066-A1DEAD802C69}.Debug_Unicode|x64.Build.0 = Debug|x64
		{424A415F-C6BB-4C76-A066-A1DEAD802C69}.Debug_Unicode|x86.ActiveCfg = Debug|Win32
		{424A415F-C6BB-4C76-A066-A1DEAD802C69}.Debug_Unicode|x86.Build.0 = Debug|Win32
		{424A415F-C6BB-4C76-A066-A1DEAD802C69}.Debug|x64.ActiveCfg = Debug|x64
		{424A415F-C6BB-4C76-A066-A1DEAD802C69}.Debug|x64.Build.0 = Debug|x64
		{424A415F-C6BB-4C76-A066-A1DEAD802C69}.Debug|x86.ActiveCfg = Debug|Win32
		{424A415F-C6BB-4C76-A066-A1DEAD802C69}.Debug|x86.Build.0 = Debug|Win32
		{424A415F-C6BB-4C76-A066-A1DEAD802C69}.Release_Unicode|x64.ActiveCfg = Release|x64
		{424A415F-C6BB-4C76-A066-A1DEAD802C69}.Release_Unicode|x64.Build.0 = Release|x64
		{424A415F-C6BB-4C76-A066-A1DEAD802C69}.Release_Unicode|x86.ActiveCfg = Release|Win32
		{424A415F-C6BB-4C76-A066-A1DEAD802C69}.Release_Unicode|x86.Build.0 = Release|Win32
		{424A415F-C6BB-4C76-A066-A1DEAD802C69}.Release|x64.ActiveCfg = Release|x64
		{424A415F-C6BB-4C76-A066-A1DEAD802C69}.Release|x64.Build.0 = Release|x64
		{424A415F-C6BB-4C76-A066-A1DEAD802C69}.Release|x86.ActiveCfg = Release|Win32
		{424A415F-C6BB-4C76-A066-A1DEAD802C69}.Release|x86.Build.0 = Release|Win32
		{CA071FF5-97BF-42C3-99AF-FE8F8A0F0AF2}.Debug_Unicode|x64.ActiveCfg = Debug|x64
		{CA071FF5-97BF-42C3-99AF-FE8F8A0F0AF2}.Debug_Unicode|x64.Build.0 = Debug|x64
		{CA071FF5-97BF-42C3-99AF-FE8F8A0F0AF2}.Debug_Unicode|x86.ActiveCfg = Debug|Win32
		{CA071FF5-97BF-42C3-99AF-FE8F8A0F0AF2}.Debug_Unicode|x86.Build.0 = Debug|Win32
		{CA071FF5-97BF-42C3-99AF-FE8F8A0F0AF2}.Debug|x64.ActiveCfg = Debug|x64
		{CA071FF5-97BF-42C3-99AF-FE8F8A0F0AF2}.Debug|x64.Build.0 = Debug|x64
		{CA071FF5-97BF-42C3-99AF-FE8F8A0F0AF2}.Debug|x86.ActiveCfg = Debug|Win32
		{CA071FF5-97BF-42C3-99AF-FE8F8A0F0AF2}.Debug|x86.Build.0 = Debug|Win32
		{CA071FF5-97BF-42C3-99AF-FE8F8A0F0AF2}.Release_Unicode|x64.ActiveCfg = Release|x64
		{CA071FF5-97BF-42C3-99AF-FE8F8A0F0AF2}.Release_Unicode|x64.Build.0 = Release|x64
		{CA071FF5-97BF-42C3-99AF-FE8F8A0F0AF2}.Release_Unicode|x86.ActiveCfg = Release|Win32
		{CA071FF5-97BF-42C3-99AF-FE8F8A0F0AF2}.Release_Unicode|x86.Build.0 = Release|Win32
		{CA071FF5-97BF-42C3-99AF-FE8F8A0F0AF2}.Release|x64.ActiveCfg = Release|x64
		{CA071FF5-97BF-42C3-99AF-FE8F8A0F0AF2}.Release|x64.Build.0 = Release|x64
		{CA071FF5-97BF-42C3-99AF-FE8F8A0F0AF2}.Release|x86.ActiveCfg = Release|Win32
		{CA071FF5-97BF-42C3-99AF-FE8F8A0F0AF2}.Release|x86.Build.0 = Release|Win32
		{8CD7EF8E-8269-49ED-877F-B4ACF93AD44C}.Debug_Unicode|x64.ActiveCfg = Debug|x64
		{8CD7EF8E-8269-49ED-877F-B4ACF93AD44C}.Debug_Unicode|x64.Build.0 = Debug|x64
		{8CD7EF8E-8269-49ED-877F-B4ACF93AD44C}.Debug_Unicode|x86.ActiveCfg = Debug|Win32
		{8CD7EF8E-8269-49ED-877F-B4ACF93AD44C}.Debug_Unicode|x86.Build.0 = Debug|Win32
		{8CD7EF8E-8269-49ED-877F-B4ACF93AD44C}.Debug|x64.ActiveCfg = Debug|x64
		{8CD7EF8E-8269-49ED-877F-B4ACF93AD44C}.Debug|x64.Build.0 = Debug|x64
		{8CD7EF8E-8269-49ED-877F-B4ACF93AD44C}.Debug|x86.ActiveCfg = Debug|Win32
		{8CD7EF8E-8269-49ED-877F-B4ACF93AD44C}.Debug|x86.Build.0 = Debug|Win32
		{8CD7EF8E-8269-49ED-877F-B4ACF93AD44C}.Release_Unicode|x64.ActiveCfg = Release|x64
		{8CD7EF8E-8269-49ED-877F-B4ACF93AD44C}.Release_Unicode|x64.Build.0 = Release|x64
		{8CD7EF8E-8269-49ED-877F-B4ACF93AD44C}.Release_Unicode|x86.ActiveCfg = Release|Win32
		{8CD7EF8E-8269-49ED-877F-B4ACF93AD44C}.Release_Unicode|x86.Build.0 = Release|Win32
		{8CD7EF8E-8269-49ED-877F-B4ACF93AD44C}.Release|x64.ActiveCfg = Release|x64
		{8CD7EF8E-8269-49ED-877F-B4ACF93AD44C}.Release|x64.Build.0 = Release|x64
		{8CD7EF8E-8269-49ED-877F-B4ACF93AD44C}.Release|x86.ActiveCfg = Release|Win32
		{8CD7EF8E-8269-49ED-877F-B4ACF93AD44C}.Release|x86.Build.0 = Release|Win32
		{A8C52AB8-2EDE-484C-B840-BF9FF830D8AF}.Debug_Unicode|x64.ActiveCfg = Debug|x64
		{A8C52AB8-2EDE-484C-B840-BF9FF830D8AF}.Debug_Unicode|x64.Build.0 = Debug|x64
		{A8C52AB8-2EDE-484C-B840-BF9FF830D8AF}.Debug_Unicode|x86.ActiveCfg = Debug|Win32
		{A8C52AB8-2EDE-484C-B840-BF9FF830D8AF}.Debug_Unicode|x86.Build.0 = Debug|Win32
		{A8C52AB8-2EDE-484C-B840-BF9FF830D8AF}.Debug|x64.ActiveCfg = Debug|x64
		{A8C52AB8-2EDE-484C-B840-BF9FF830D8AF}.Debug|x64.Build.0 = Debug|x64
		{A8C52AB8-2EDE-484C-B840-BF9FF830D8AF}.Debug|x86.ActiveCfg = Debug|Win32
		{A8C52AB8-2EDE-484C-B840-BF9FF830D8AF}.Debug|x86.Build.0 = Debug|Win32
		{A8C52AB8-2EDE-484C-B840-BF9FF830D8AF}.Release_Unicode|x64.ActiveCfg = Release|x64
		{A8C52AB8-2EDE-484C-B840-BF9FF830D8AF}.Release_Unicode|x64.Build.0 = Release|x64
		{A8C52AB8-2EDE-484C-B840-BF9FF830D8AF}.Release_Unicode|x86.ActiveCfg = Release|Win32
		{A8C52AB8-2EDE-484C-B840-BF9FF830D8AF}.Release_Unicode|x86.Build.0 = Release|Win32
		{A8C52AB8-2EDE-484C-B840-BF9FF830D8AF}.Release|x64.ActiveCfg = Release|x64
		{A8C52AB8-2EDE-484C-B840-BF9FF830D8AF}.Release|x64.Build.0 = Release|x64
		{A8C52AB8-2EDE-484C-B840-BF9FF830D8AF}.Release|x86.ActiveCfg = Release|Win32
		{A8C52AB8-2EDE-484C-B840-BF9FF830D8AF}.Release|x86.Build.0 = Release|Win32
		{3106B422-A4EC-4E3C-BB84-06F82C927D43}.Debug_Unicode|x64.ActiveCfg = Debug|x64
		{3106B422-A4EC-4E3C-BB84-06F82C927D43}.Debug_Unicode|x64.Build.0 = Debug|x64
		{3106B422-A4EC-4E3C-BB84-06F82C927D43}.Debug_Unicode|x86.ActiveCfg = Debug|Win32
		{3106B422-A4EC-4E3C-BB84-06F82C927D43}.Debug_Unicode|x86.Build.0 = Debug|Win32
		{3106B422-A4EC-4E3C-BB84-06F82C927D43}.Debug|x64.ActiveCfg = Debug|x64
		{3106B422-A4EC-4E3C-BB84-06F82C927D43}.Debug|x64.Build.0 = Debug|x64
		{3106B422-A4EC-4E3C-BB84-06F82C927D43}.Debug|x86.ActiveCfg = Debug|Win32
		{3106B422-A4EC-4E3C-BB84-06F82C927D43}.Debug|x86.Build.0 = Debug|Win32
		{3106B422-A4EC-4E3C-BB84-06F82C927D43}.Release_Unicode|x64.ActiveCfg = Release|x64
		{3106B422-A4EC-4E3C-BB84-06F82C927D43}.Release_Unicode|x64.Build.0 = Release|x64
		{3106B422-A4EC-4E3C-BB84-06F82C927D43}.Release_Unicode|x86.ActiveCfg = Release|Win32
		{3106B422-A4EC-4E3C-BB84-06F82C927D43}.Release_Unicode|x86.Build.0 = Release|Win32
		{3106B422-A4EC-4E3C-BB84-06F82C927D43}.Release|x64.ActiveCfg = Release|x64
		{3106B422-A4EC-4E3C-BB84-06F82C927D43}.Release|x64.Build.0 = Release|x64
		{3106B422-A4EC-4E3C-BB84-06F82C927D43}.Release|x86.ActiveCfg = Release|Win32
		{3106B422-A4EC-4E3C-BB84-06F82C927D43}.Release|x86.Build.0 = Release|Win32
		{0D8E3714-BB16-4A9F-831D-A4E18E018C97}.Debug_Unicode|x64.ActiveCfg = Debug|x64
		{0D8E3714-BB16-4A9F-831D-A4E18E018C97}.Debug_Unicode|x64.Build.0 = Debug|x64
		{0D8E3714-BB16-4A9F-831D-A4E18E018C97}.Debug_Unicode|x86.ActiveCfg = Debug|Win32
		{0D8E3714-BB16-4A9F-831D-A4E18E018C97}.Debug_Unicode|x86.Build.0 = Debug|Win32
		{0D8E3714-BB16-4A9F-831D-A4E18E018C97}.Debug|x64.ActiveCfg = Debug|x64
		{0D8E3714-BB16-4A9F-831D-A4E18E018C97}.Debug|x64.Build.0 = Debug|x64
		{0D8E3714-BB16-4A9F-831D-A4E18E018C97}.Debug|x86.ActiveCfg = Debug|Win32
		{0D8E3714-BB16-4A9F-831D-A4E18E018C97}.Debug|x86.Build.0 = Debug|Win32
		{0D8E3714-BB16-4A9F-831D-A4E18E018C97}.Release_Unicode|x64.ActiveCfg = Release|x64
		{0D8E3714-BB16-4A9F-831D-A4E18E018C97}.Release_Unicode|x64.Build.0 = Release|x64
		{0D8E3714-BB16-4A9F-831D-A4E18E018C97}.Release_Unicode|x86.ActiveCfg = Release|Win32
		{0D8E3714-BB16-4A9F-831D-A4E18E018C97}.Release_Unicode|x86.Build.0 = Release|Win32
		{0D8E3714-BB16-4A9F-831D-A4E18E018C97}.Release|x64.ActiveCfg = Release|x64
		{0D8E3714-BB16-4A9F-831D-A4E18E018C97}.Release|x64.Build.0 = Release|x64
		{0D8E3714-BB16-4A9F-831D-A4E18E018C97}.Release|x86.ActiveCfg = Release|Win32
		{0D8E3714-BB16-4A9F-831D-A4E18E018C97}.Release|x86.Build.0 = Release|Win32
		{2D926B65-1CA6-4941-8270-E74EEB36D878}.Debug_Unicode|x64.ActiveCfg = Debug|x64
		{2D926B65-1CA6-4941-8270-E74EEB36D878}.Debug_Unicode|x64.Build.0 = Debug|x64
		{2D926B65-1CA6-4941-8270-E74EEB36D878}.Debug_Unicode|x86.ActiveCfg = Debug|Win32
		{2D926B65-1CA6-4941-8270-E74EEB36D878}.Debug_Unicode|x86.Build.0 = Debug|Win32
		{2D926B65-1CA6-4941-8270-E74EEB36D878}.Debug|x64.ActiveCfg = Debug|x64
		{2D926B65-1CA6-4941-8270-E74EEB36D878}.Debug|x64.Build.0 = Debug|x64
		{2D926B65-1CA6-4941-8270-E74EEB36D878}.Debug|x86.ActiveCfg = Debug|Win32
		{2D926B65-1CA6-4941-8270-E74EEB36D878}.Debug|x86.Build.0 = Debug|Win32
		{2D926B65-1CA6-4941-8270-E74EEB36D878}.Release_Unicode|x64.ActiveCfg = Release|x64
		{2D926B65-1CA6-4941-8270-E74EEB36D878}.Release_Unicode|x64.Build.0 = Release|x64
		{2D926B65-1CA6-4941-8270-E74EEB36D878}.Release_Unicode|x86.ActiveCfg = Release|Win32
		{2D926B65-1CA6-4941-8270-E74EEB36D878}.Release_Unicode|x86.Build.0 = Release|Win32
		{2D926B65-1CA6-4941-8270-E74EEB36D878}.Release|x64.ActiveCfg = Release|x64
		{2D926B65-1CA6-4941-8270-E74EEB36D878}.Release|x64.Build.0 = Release|x64
		{2D926B65-1CA6-4941-8270-E74EEB36D878}.Release|x86.ActiveCfg = Release|Win32
		{2D926B65-1CA6-4941-8270-E74EEB36D878}.Release|x86.Build.0 = Release|Win32
		{76ABC303-CC3B-4C9E-B85E-85B16CBB646C}.Debug_Unicode|x64.ActiveCfg = Debug|x64
		{76ABC303-CC3B-4C9E-B85E-85B16CBB646C}.Debug_Unicode|x64.Build.0 = Debug|x64
		{76ABC303-CC3B-4C9E-B85E-85B16CBB646C}.Debug_Unicode|x86.ActiveCfg = Debug|Win32
		{76ABC303-CC3B-4C9E-B85E-85B16CBB646C}.Debug_Unicode|x86.Build.0 = Debug|Win32
		{76ABC303-CC3B-4C9E-B85E-85B16CBB646C}.Debug|x64.ActiveCfg = Debug|x64
		{76ABC303-CC3B-4C9E-B85E-85B16CBB646C}.Debug|x64.Build.0 = Debug|x64
		{76ABC303-CC3B-4C9E-B85E-85B16CBB646C}.Debug|x86.ActiveCfg = Debug|Win32
		{76ABC303-CC3B-4C9E-B85E-85B16CBB646C}.Debug|x86.Build.0 = Debug|Win32
		{76ABC303-CC3B-4C9E-B85E-85B16CBB646C}.Release_Unicode|x64.ActiveCfg = Release|x64
		{76ABC303-CC3B-4C9E-B85E-85B16CBB646C}.Release_Unicode|x64.Build.0 = Release|x64
		{76ABC303-CC3B-4C9E-B85E-85B16CBB646C}.Release_Unicode|x86.ActiveCfg = Release|Win32
		{76ABC303-CC3B-4C9E-B85E-85B16CBB646C}.Release_Unicode|x86.Build.0 = Release|Win32
		{76ABC303-CC3B-4C9E-B85E-85B16CBB646C}.Release|x64.ActiveCfg = Release|x64
		{76ABC303-CC3B-4C9E-B85E-85B16CBB646C}.Release|x64.Build.0 = Release|x64
		{76ABC303-CC3B-4C9E-B85E-85B16CBB646C}.Release|x86.ActiveCfg = Release|Win32
		{76ABC303-CC3B-4C9E-B85E-85B16CBB646C}.Release|x86.Build.0 = Release|Win32
		{0EC82A55-90E4-4ED6-9021-BE534DCC67F4}.Debug_Unicode|x64.ActiveCfg = Debug|x64
		{0EC82A55-90E4-4ED6-9021-BE534DCC67F4}.Debug_Unicode|x64.Build.0 = Debug|x64
		{0EC82A55-90E4-4ED6-9021-BE534DCC67F4}.Debug_Unicode|x86.ActiveCfg = Debug|Win32
		{0EC82A55-90E4-4ED6-9021-BE534DCC67F4}.Debug_Unicode|x86.Build.0 = Debug|Win32
		{0EC82A55-90E4-4ED6-9021-BE534DCC67F4}.Debug|x64.ActiveCfg = Debug|x64
		{0EC82A55-90E4-4ED6-9021-BE534DCC67F4}.Debug|x64.Build.0 = Debug|x64
		{0EC82A55-90E4-4ED6-9021-BE534DCC67F4}.Debug|x86.ActiveCfg = Debug|Win32
		{0EC82A55-90E4-4ED6-9021-BE534DCC67F4}.Debug|x86.Build.0 = Debug|Win32
		{0EC82A55-90E4-4ED6-9021-BE534DCC67F4}.Release_Unicode|x64.ActiveCfg = Release|x64
		{0EC82A55-90E4-4ED6-9021-BE534DCC67F4}.Release_Unicode|x64.Build.0 = Release|x64
		{0EC82A55-90E4-4ED6-9021-BE534DCC67F4}.Release_Unicode|x86.ActiveCfg = Release|Win32
		{0EC82A55-90E4-4ED6-9021-BE534DCC67F4}.Release_Unicode|x86.Build.0 = Release|Win32
		{0EC82A55-90E4-4ED6-9021-BE534DCC67F4}.Release|x64.ActiveCfg = Release|x64
		{0EC82A55-90E4-4ED6-9021-BE534DCC67F4}.Release|x64.Build.0 = Release|x64
		{0EC82A55-90E4-4ED6-9021-BE534DCC67F4}.Release|x86.ActiveCfg = Release|Win32
		{0EC82A55-90E4-4ED6-9021-BE534DCC67F4}.Release|x86.Build.0 = Release|Win32
		{D838B9D8-CBDF-48A8-BA89-747D01F69F49}.Debug_Unicode|x64.ActiveCfg = Debug|x64
		{D838B9D8-CBDF-48A8-BA89-747D01F69F49}.Debug_Unicode|x64.Build.0 = Debug|x64
		{D838B9D8-CBDF-48A8-BA89-747D01F69F49}.Debug_Unicode|x86.ActiveCfg = Debug|Win32
		{D838B9D8-CBDF-48A8-BA89-747D01F69F49}.Debug_Unicode|x86.Build.0 = Debug|Win32
		{D838B9D8-CBDF-48A8-BA89-747D01F69F49}.Debug|x64.ActiveCfg = Debug|x64
		{D838B9D8-CBDF-48A8-BA89-747D01F69F49}.Debug|x64.Build.0 = Debug|x64
		{D838B9D8-CBDF-48A8-BA89-747D01F69F49}.Debug|x86.ActiveCfg = Debug|Win32
		{D838B9D8-CBDF-48A8-BA89-747D01F69F49}.Debug|x86.Build.0 = Debug|Win32
		{D838B9D8-CBDF-48A8-BA89-747D01F69F49}.Release_Unicode|x64.ActiveCfg = Release|x64
		{D838B9D8-CBDF-48A8-BA89-747D01F69F49}.Release_Unicode|x64.Build.0 = Release|x64
		{D838B9D8-CBDF-48A8-BA89-747D01F69F49}.Release_Unicode|x86.ActiveCfg = Release|Win32
		{D838B9D8-CBDF-48A8-BA89-747D01F69F49}.Release_Unicode|x86.Build.0 = Release|Win32
		{D838B9D8-CBDF-48A8-BA89-747D01F69F49}.Release|x64.ActiveCfg = Release|x64
		{D838B9D8-CBDF-48A8-BA89-747D01F69F49}.Release|x64.Build.0 = Release|x64
		{D838B9D8-CBDF-48A8-BA89-747D01F69F49}.Release|x86.ActiveCfg = Release|Win32
		{D838B9D8-CBDF-48A8-BA89-747D01F69F49}.Release|x86.Build.0 = Release|Win32
		{BC3A8D96-A2E4-4496-84AB-B3AE15FC4989}.Debug_Unicode|x64.ActiveCfg = Debug|x64
		{BC3A8D96-A2E4-4496-84AB-B3AE15FC4989}.Debug_Unicode|x64.Build.0 = Debug|x64
		{BC3A8D96-A2E4-4496-84AB-B3AE15FC4989}.Debug_Unicode|x86.ActiveCfg = Debug|Win32
		{BC3A8D96-A2E4-4496-84AB-B3AE15FC4989}.Debug_Unicode|x86.Build.0 = Debug|Win32
		{BC3A8D96-A2E4-4496-84AB-B3AE15FC4989}.Debug|x64.ActiveCfg = Debug|x64
		{BC3A8D96-A2E4-4496-84AB-B3AE15FC4989}.Debug|x64.Build.0 = Debug|x64
		{BC3A8D96-A2E4-4496-84AB-B3AE15FC4989}.Debug|x86.ActiveCfg = Debug|Win32
		{BC3A8D96-A2E4-4496-84AB-B3AE15FC4989}.Debug|x86.Build.0 = Debug|Win32
		{BC3A8D96-A2E4-4496-84AB-B3AE15FC4989}.Release_Unicode|x64.ActiveCfg = Release|x64
		{BC3A8D96-A2E4-4496-84AB-B3AE15FC4989}.Release_Unicode|x64.Build.0 = Release|x64
		{BC3A8D96-A2E4-4496-84AB-B3AE15FC4989}.Release_Unicode|x86.ActiveCfg = Release|Win32
		{BC3A8D96-A2E4-4496-84AB-B3AE15FC4989}.Release_Unicode|x86.Build.0 = Release|Win32
		{BC3A8D96-A2E4-4496-84AB-B3AE15FC4989}.Release|x64.ActiveCfg = Release|x64
		{BC3A8D96-A2E4-4496-84AB-B3AE15FC4989}.Release|x64.Build.0 = Release|x64
		{BC3A8D96-A2E4-4496-84AB-B3AE15FC4989}.Release|x86.ActiveCfg = Release|Win32
		{BC3A8D96-A2E4-4496-84AB-B3AE15FC4989}.Release|x86.Build.0 = Release|Win32
		{3CAFF1FB-45B6-4B4E-A1D6-57BA21867BD7}.Debug_Unicode|x64.ActiveCfg = Debug|x64
		{3CAFF1FB-45B6-4B4E-A1D6-57BA21867BD7}.Debug_Unicode|x64.Build.0 = Debug|x64
		{3CAFF1FB-45B6-4B4E-A1D6-57BA21867BD7}.Debug_Unicode|x86.ActiveCfg = Debug|Win32
		{3CAFF1FB-45B6-4B4E-A1D6-57BA21867BD7}.Debug_Unicode|x86.Build.0 = Debug|Win32
		{3CAFF1FB-45B6-4B4E-A1D6-57BA21867BD7}.Debug|x64.ActiveCfg = Debug|x64
		{3CAFF1FB-45B6-4B4E-A1D6-57BA21867BD7}.Debug|x64.Build.0 = Debug|x64
		{3CAFF1FB-45B6-4B4E-A1D6-57BA21867BD7}.Debug|x86.ActiveCfg = Debug|Win32
		{3CAFF1FB-45B6-4B4E-A1D6-57BA21867BD7}.Debug|x86.Build.0 = Debug|Win32
		{3CAFF1FB-45B6-4B4E-A1D6-57BA21867BD7}.Release_Unicode|x64.ActiveCfg = Release|x64
		{3CAFF1FB-45B6-4B4E-A1D6-57BA21867BD7}.Release_Unicode|x64.Build.0 = Release|x64
		{3CAFF1FB-45B6-4B4E-A1D6-57BA21867BD7}.Release_Unicode|x86.ActiveCfg = Release|Win32
		{3CAFF1FB-45B6-4B4E-A1D6-57BA21867BD7}.Release_Unicode|x86.Build.0 = Release|Win32
		{3CAFF1FB-45B6-4B4E-A1D6-57BA21867BD7}.Release|x64.ActiveCfg = Release|x64
		{3CAFF1FB-45B6-4B4E-A1D6-57BA21867BD7}.Release|x64.Build.0 = Release|x64
		{3CAFF1FB-45B6-4B4E-A1D6-57BA21867BD7}.Release|x86.ActiveCfg = Release|Win32
		{3CAFF1FB-45B6-4B4E-A1D6-57BA21867BD7}.Release|x86.Build.0 = Release|Win32
		{CC6D79E0-99CE-498E-A1A6-DFCB030A6420}.Debug_Unicode|x64.ActiveCfg = Debug|x64
		{CC6D79E0-99CE-498E-A1A6-DFCB030A6420}.Debug_Unicode|x64.Build.0 = Debug|x64
		{CC6D79E0-99CE-498E-A1A6-DFCB030A6420}.Debug_Unicode|x86.ActiveCfg = Debug|Win32
		{CC6D79E0-99CE-498E-A1A6-DFCB030A6420}.Debug_Unicode|x86.Build.0 = Debug|Win32
		{CC6D79E0-99CE-498E-A1A6-DFCB030A6420}.Debug|x64.ActiveCfg = Debug|x64
		{CC6D79E0-99CE-498E-A1A6-DFCB030A6420}.Debug|x64.Build.0 = Debug|x64
		{CC6D79E0-99CE-498E-A1A6-DFCB030A6420}.Debug|x86.ActiveCfg = Debug|Win32
		{CC6D79E0-99CE-498E-A1A6-DFCB030A6420}.Debug|x86.Build.0 = Debug|Win32
		{CC6D79E0-99CE-498E-A1A6-DFCB030A6420}.Release_Unicode|x64.ActiveCfg = Release|x64
		{CC6D79E0-99CE-498E-A1A6-DFCB030A6420}.Release_Unicode|x64.Build.0 = Release|x64
		{CC6D79E0-99CE-498E-A1A6-DFCB030A6420}.Release_Unicode|x86.ActiveCfg = Release|Win32
		{CC6D79E0-99CE-498E-A1A6-DFCB030A6420}.Release_Unicode|x86.Build.0 = Release|Win32
		{CC6D79E0-99CE-498E-A1A6-DFCB030A6420}.Release|x64.ActiveCfg = Release|x64
		{CC6D79E0-99CE-498E-A1A6-DFCB030A6420}.Release|x64.Build.0 = Release|x64
		{CC6D79E0-99CE-498E-A1A6-DFCB030A6420}.Release|x86.ActiveCfg = Release|Win32
		{CC6D79E0-99CE-498E-A1A6-DFCB030A6420}.Release|x86.Build.0 = Release|Win32
		{9E27484B-E399-4469-89D4-FF0FF34E233E}.Debug_Unicode|x64.ActiveCfg = Debug|x64
		{9E27484B-E399-4469-89D4-FF0FF34E233E}.Debug_Unicode|x64.Build.0 = Debug|x64
		{9E27484B-E399-4469-89D4-FF0FF34E233E}.Debug_Unicode|x86.ActiveCfg = Debug|Win32
		{9E27484B-E399-4469-89D4-FF0FF34E233E}.Debug_Unicode|x86.Build.0 = Debug|Win32
		{9E27484B-E399-4469-89D4-FF0FF34E233E}.Debug|x64.ActiveCfg = Debug|x64
		{9E27484B-E399-4469-89D4-FF0FF34E233E}.Debug|x64.Build.0 = Debug|x64
		{9E27484B-E399-4469-89D4-FF0FF34E233E}.Debug|x86.ActiveCfg = Debug|Win32
		{9E27484B-E399-4469-89D4-FF0FF34E233E}.Debug|x86.Build.0 = Debug|Win32
		{9E27484B-E399-4469-89D4-FF0FF34E233E}.Release_Unicode|x64.ActiveCfg = Release|x64
		{9E27484B-E399-4469-89D4-FF0FF34E233E}.Release_Unicode|x64.Build.0 = Release|x64
		{9E27484B-E399-4469-89D4-FF0FF34E233E}.Release_Unicode|x86.ActiveCfg = Release|Win32
		{9E27484B-E399-4469-89D4-FF0FF34E233E}.Release_Unicode|x86.Build.0 = Release|Win32
		{9E27484B-E399-4469-89D4-FF0FF34E233E}.Release|x64.ActiveCfg = Release|x64
		{9E27484B-E399-4469-89D4-FF0FF34E233E}.Release|x64.Build.0 = Release|x64
		{9E27484B-E399-4469-89D4-FF0FF34E233E}.Release|x86.ActiveCfg = Release|Win32
		{9E27484B-E399-4469-89D4-FF0FF34E233E}.Release|x86.Build.0 = Release|Win32
		{F5D8A27B-C323-490B-AB37-C0FE65141179}.Debug_Unicode|x64.ActiveCfg = Debug|x64
		{F5D8A27B-C323-490B-AB37-C0FE65141179}.Debug_Unicode|x64.Build.0 = Debug|x64
		{F5D8A27B-C323-490B-AB37-C0FE65141179}.Debug_Unicode|x86.ActiveCfg = Debug|Win32
		{F5D8A27B-C323-490B-AB37-C0FE65141179}.Debug_Unicode|x86.Build.0 = Debug|Win32
		{F5D8A27B-C323-490B-AB37-C0FE65141179}.Debug|x64.ActiveCfg = Debug|x64
		{F5D8A27B-C323-490B-AB37-C0FE65141179}.Debug|x64.Build.0 = Debug|x64
		{F5D8A27B-C323-490B-AB37-C0FE65141179}.Debug|x86.ActiveCfg = Debug|Win32
		{F5D8A27B-C323-490B-AB37-C0FE65141179}.Debug|x86.Build.0 = Debug|Win32
		{F5D8A27B-C323-490B-AB37-C0FE65141179}.Release_Unicode|x64.ActiveCfg = Release|x64
		{F5D8A27B-C323-490B-AB37-C0FE65141179}.Release_Unicode|x64.Build.0 = Release|x64
		{F5D8A27B-C323-490B-AB37-C0FE65141179}.Release_Unicode|x86.ActiveCfg = Release|Win32
		{F5D8A27B-C323-490B-AB37-C0FE65141179}.Release_Unicode|x86.Build.0 = Release|Win32
		{F5D8A27B-C323-490B-AB37-C0FE65141179}.Release|x64.ActiveCfg = Release|x64
		{F5D8A27B-C323-490B-AB37-C0FE65141179}.Release|x64.Build.0 = Release|x64
		{F5D8A27B-C323-490B-AB37-C0FE65141179}.Release|x86.ActiveCfg = Release|Win32
		{F5D8A27B-C323-490B-AB37-C0FE65141179}.Release|x86.Build.0 = Release|Win32
		{3A4A7F61-9331-4470-8AAD-7D652AF29676}.Debug_Unicode|x64.ActiveCfg = Debug|x64
		{3A4A7F61-9331-4470-8AAD-7D652AF29676}.Debug_Unicode|x64.Build.0 = Debug|x64
		{3A4A7F61-9331-4470-8AAD-7D652AF29676}.Debug_Unicode|x86.ActiveCfg = Debug|Win32
		{3A4A7F61-9331-4470-8AAD-7D652AF29676}.Debug_Unicode|x86.Build.0 = Debug|Win32
		{3A4A7F61-9331-4470-8AAD-7D652AF29676}.Debug|x64.ActiveCfg = Debug|x64
		{3A4A7F61-9331-4470-8AAD-7D652AF29676}.Debug|x64.Build.0 = Debug|x64
		{3A4A7F61-9331-4470-8AAD-7D652AF29676}.Debug|x86.ActiveCfg = Debug|Win32
		{3A4A7F61-9331-4470-8AAD-7D652AF29676}.Debug|x86.Build.0 = Debug|Win32
		{3A4A7F61-9331-4470-8AAD-7D652AF29676}.Release_Unicode|x64.ActiveCfg = Release|x64
		{3A4A7F61-9331-4470-8AAD-7D652AF29676}.Release_Unicode|x64.Build.0 = Release|x64
		{3A4A7F61-9331-4470-8AAD-7D652AF29676}.Release_Unicode|x86.ActiveCfg = Release|Win32
		{3A4A7F61-9331-4470-8AAD-7D652AF29676}.Release_Unicode|x86.Build.0 = Release|Win32
		{3A4A7F61-9331-4470-8AAD-7D652AF29676}.Release|x64.ActiveCfg = Release|x64
		{3A4A7F61-9331-4470-8AAD-7D652AF29676}.Release|x64.Build.0 = Release|x64
		{3A4A7F61-9331-4470-8AAD-7D652AF29676}.Release|x86.ActiveCfg = Release|Win32
		{3A4A7F61-9331-4470-8AAD-7D652AF29676}.Release|x86.Build.0 = Release|Win32
		{E368925C-0BC5-4FFC-A547-81C845D78189}.Debug_Unicode|x64.ActiveCfg = Debug|x64
		{E368925C-0BC5-4FFC-A547-81C845D78189}.Debug_Unicode|x64.Build.0 = Debug|x64
		{E368925C-0BC5-4FFC-A547-81C845D78189}.Debug_Unicode|x86.ActiveCfg = Release|x64
		{E368925C-0BC5-4FFC-A547-81C845D78189}.Debug_Unicode|x86.Build.0 = Release|x64
		{E368925C-0BC5-4FFC-A547-81C845D78189}.Debug|x64.ActiveCfg = Debug|x64
		{E368925C-0BC5-4FFC-A547-81C845D78189}.Debug|x64.Build.0 = Debug|x64
		{E368925C-0BC5-4FFC-A547-81C845D78189}.Debug|x86.ActiveCfg = Debug|x64
		{E368925C-0BC5-4FFC-A547-81C845D78189}.Release_Unicode|x64.ActiveCfg = Release|x64
		{E368925C-0BC5-4FFC-A547-81C845D78189}.Release_Unicode|x64.Build.0 = Release|x64
		{E368925C-0BC5-4FFC-A547-81C845D78189}.Release_Unicode|x86.ActiveCfg = Release|x64
		{E368925C-0BC5-4FFC-A547-81C845D78189}.Release_Unicode|x86.Build.0 = Release|x64
		{E368925C-0BC5-4FFC-A547-81C845D78189}.Release|x64.ActiveCfg = Release|x64
		{E368925C-0BC5-4FFC-A547-81C845D78189}.Release|x64.Build.0 = Release|x64
		{E368925C-0BC5-4FFC-A547-81C845D78189}.Release|x86.ActiveCfg = Release|x64
		{B5327815-0A76-471B-BD30-E11ED0888F52}.Debug_Unicode|x64.ActiveCfg = Debug|x64
		{B5327815-0A76-471B-BD30-E11ED0888F52}.Debug_Unicode|x64.Build.0 = Debug|x64
		{B5327815-0A76-471B-BD30-E11ED0888F52}.Debug_Unicode|x86.ActiveCfg = Release|x64
		{B5327815-0A76-471B-BD30-E11ED0888F52}.Debug_Unicode|x86.Build.0 = Release|x64
		{B5327815-0A76-471B-BD30-E11ED0888F52}.Debug|x64.ActiveCfg = Debug|x64
		{B5327815-0A76-471B-BD30-E11ED0888F52}.Debug|x64.Build.0 = Debug|x64
		{B5327815-0A76-471B-BD30-E11ED0888F52}.Debug|x86.ActiveCfg = Debug|x64
		{B5327815-0A76-471B-BD30-E11ED0888F52}.Release_Unicode|x64.ActiveCfg = Release|x64
		{B5327815-0A76-471B-BD30-E11ED0888F52}.Release_Unicode|x64.Build.0 = Release|x64
		{B5327815-0A76-471B-BD30-E11ED0888F52}.Release_Unicode|x86.ActiveCfg = Release|x64
		{B5327815-0A76-471B-BD30-E11ED0888F52}.Release_Unicode|x86.Build.0 = Release|x64
		{B5327815-0A76-471B-BD30-E11ED0888F52}.Release|x64.ActiveCfg = Release|x64
		{B5327815-0A76-471B-BD30-E11ED0888F52}.Release|x64.Build.0 = Release|x64
		{B5327815-0A76-471B-BD30-E11ED0888F52}.Release|x86.ActiveCfg = Release|x64
		{D2DCD2DF-F137-4E5E-90CE-6DB4553C1DA9}.Debug_Unicode|x64.ActiveCfg = Debug_Unicode|Win32
		{D2DCD2DF-F137-4E5E-90CE-6DB4553C1DA9}.Debug_Unicode|x64.Build.0 = Debug_Unicode|Win32
		{D2DCD2DF-F137-4E5E-90CE-6DB4553C1DA9}.Debug_Unicode|x86.ActiveCfg = Debug_Unicode|Win32
		{D2DCD2DF-F137-4E5E-90CE-6DB4553C1DA9}.Debug_Unicode|x86.Build.0 = Debug_Unicode|Win32
		{D2DCD2DF-F137-4E5E-90CE-6DB4553C1DA9}.Debug|x64.ActiveCfg = Debug_Unicode|Win32
		{D2DCD2DF-F137-4E5E-90CE-6DB4553C1DA9}.Debug|x64.Build.0 = Debug_Unicode|Win32
		{D2DCD2DF-F137-4E5E-90CE-6DB4553C1DA9}.Debug|x86.ActiveCfg = Debug_Unicode|Win32
		{D2DCD2DF-F137-4E5E-90CE-6DB4553C1DA9}.Debug|x86.Build.0 = Debug_Unicode|Win32
		{D2DCD2DF-F137-4E5E-90CE-6DB4553C1DA9}.Release_Unicode|x64.ActiveCfg = Release_Unicode|Win32
		{D2DCD2DF-F137-4E5E-90CE-6DB4553C1DA9}.Release_Unicode|x64.Build.0 = Release_Unicode|Win32
		{D2DCD2DF-F137-4E5E-90CE-6DB4553C1DA9}.Release_Unicode|x86.ActiveCfg = Release_Unicode|Win32
		{D2DCD2DF-F137-4E5E-90CE-6DB4553C1DA9}.Release_Unicode|x86.Build.0 = Release_Unicode|Win32
		{D2DCD2DF-F137-4E5E-90CE-6DB4553C1DA9}.Release|x64.ActiveCfg = Release_Unicode|Win32
		{D2DCD2DF-F137-4E5E-90CE-6DB4553C1DA9}.Release|x64.Build.0 = Release_Unicode|Win32
		{D2DCD2DF-F137-4E5E-90CE-6DB4553C1DA9}.Release|x86.ActiveCfg = Release_Unicode|Win32
		{D2DCD2DF-F137-4E5E-90CE-6DB4553C1DA9}.Release|x86.Build.0 = Release_Unicode|Win32
	EndGlobalSection
	GlobalSection(SolutionProperties) = preSolution
		HideSolutionNode = FALSE
	EndGlobalSection
	GlobalSection(ExtensibilityGlobals) = postSolution
		SolutionGuid = {484817AA-28B1-4D6C-8924-B5530E5ACA67}
	EndGlobalSection
EndGlobal
