Microsoft Visual Studio Solution File, Format Version 12.00
# Visual Studio Version 16
VisualStudioVersion = 16.0.30717.126
MinimumVisualStudioVersion = 10.0.40219.1
Project("{8BC9CEB8-8B4A-11D0-8D11-00A0C91BC942}") = "图像助手", "客户端组件\图像助手\ImageAide.vcxproj", "{9E27484B-E399-4469-89E4-FF0FF34E233E}"
EndProject
Project("{8BC9CEB8-8B4A-11D0-8D11-00A0C91BC942}") = "界面控件", "客户端组件\界面控件\SkinControls.vcxproj", "{9580A9BA-2C2C-4359-852C-FD627732BF1D}"
	ProjectSection(ProjectDependencies) = postProject
		{3106B422-A4EC-4E3C-BB84-06F82C927D43} = {3106B422-A4EC-4E3C-BB84-06F82C927D43}
		{1C2AF6C9-6787-41D2-8281-BCCEFBB46768} = {1C2AF6C9-6787-41D2-8281-BCCEFBB46768}
	EndProjectSection
EndProject
Project("{8BC9CEB8-8B4A-11D0-8D11-00A0C91BC942}") = "服务组件", "客户端组件\服务组件\ClientService.vcxproj", "{D27A53F1-636E-44A0-87AD-E856D5D4BC17}"
	ProjectSection(ProjectDependencies) = postProject
		{3106B422-A4EC-4E3C-BB84-06F82C927D43} = {3106B422-A4EC-4E3C-BB84-06F82C927D43}
	EndProjectSection
EndProject
Project("{8BC9CEB8-8B4A-11D0-8D11-00A0C91BC942}") = "蓝色界面", "客户端组件\界面资源\蓝色界面\SkinResource.vcxproj", "{1C2AF6C9-6787-41D2-8281-BCCEFBB46768}"
	ProjectSection(ProjectDependencies) = postProject
		{3106B422-A4EC-4E3C-BB84-06F82C927D43} = {3106B422-A4EC-4E3C-BB84-06F82C927D43}
	EndProjectSection
EndProject
Project("{8BC9CEB8-8B4A-11D0-8D11-00A0C91BC942}") = "平台数据", "客户端组件\平台数据\PlatformData.vcxproj", "{76AE2C3A-8E0C-467F-8B79-89605F4A5259}"
	ProjectSection(ProjectDependencies) = postProject
		{3106B422-A4EC-4E3C-BB84-06F82C927D43} = {3106B422-A4EC-4E3C-BB84-06F82C927D43}
	EndProjectSection
EndProject
Project("{8BC9CEB8-8B4A-11D0-8D11-00A0C91BC942}") = "管理工具", "客户端组件\管理工具\ManagerTool.vcxproj", "{61DC72B7-BAB5-4F52-9B54-AD2F5877B32F}"
	ProjectSection(ProjectDependencies) = postProject
		{3106B422-A4EC-4E3C-BB84-06F82C927D43} = {3106B422-A4EC-4E3C-BB84-06F82C927D43}
		{76AE2C3A-8E0C-467F-8B79-89605F4A5259} = {76AE2C3A-8E0C-467F-8B79-89605F4A5259}
		{9E27484B-E399-4469-89E4-FF0FF34E233E} = {9E27484B-E399-4469-89E4-FF0FF34E233E}
		{C60C5F53-004F-4BB9-A488-909DF1FF836D} = {C60C5F53-004F-4BB9-A488-909DF1FF836D}
		{83B40A7A-2108-4727-8B57-D65F5708A23D} = {83B40A7A-2108-4727-8B57-D65F5708A23D}
		{D27A53F1-636E-44A0-87AD-E856D5D4BC17} = {D27A53F1-636E-44A0-87AD-E856D5D4BC17}
	EndProjectSection
EndProject
Project("{8BC9CEB8-8B4A-11D0-8D11-00A0C91BC942}") = "公共服务", "公共组件\公共服务\CommonService.vcxproj", "{3106B422-A4EC-4E3C-BB84-06F82C927D43}"
EndProject
Project("{8BC9CEB8-8B4A-11D0-8D11-00A0C91BC942}") = "游戏控件", "客户端组件\游戏控件\ClientControls.vcxproj", "{83B40A7A-2108-4727-8B57-D65F5708A23D}"
	ProjectSection(ProjectDependencies) = postProject
		{3106B422-A4EC-4E3C-BB84-06F82C927D43} = {3106B422-A4EC-4E3C-BB84-06F82C927D43}
		{9E27484B-E399-4469-89E4-FF0FF34E233E} = {9E27484B-E399-4469-89E4-FF0FF34E233E}
		{9580A9BA-2C2C-4359-852C-FD627732BF1D} = {9580A9BA-2C2C-4359-852C-FD627732BF1D}
	EndProjectSection
EndProject
Project("{8BC9CEB8-8B4A-11D0-8D11-00A0C91BC942}") = "广场控件", "客户端组件\广场控件\PlazaControl.vcxproj", "{C60C5F53-004F-4BB9-A488-909DF1FF836D}"
	ProjectSection(ProjectDependencies) = postProject
		{3106B422-A4EC-4E3C-BB84-06F82C927D43} = {3106B422-A4EC-4E3C-BB84-06F82C927D43}
		{9E27484B-E399-4469-89E4-FF0FF34E233E} = {9E27484B-E399-4469-89E4-FF0FF34E233E}
		{83B40A7A-2108-4727-8B57-D65F5708A23D} = {83B40A7A-2108-4727-8B57-D65F5708A23D}
		{9580A9BA-2C2C-4359-852C-FD627732BF1D} = {9580A9BA-2C2C-4359-852C-FD627732BF1D}
		{1C2AF6C9-6787-41D2-8281-BCCEFBB46768} = {1C2AF6C9-6787-41D2-8281-BCCEFBB46768}
	EndProjectSection
EndProject
Global
	GlobalSection(SolutionConfigurationPlatforms) = preSolution
		Debug|x64 = Debug|x64
		Debug|x86 = Debug|x86
		Release|x64 = Release|x64
		Release|x86 = Release|x86
	EndGlobalSection
	GlobalSection(ProjectConfigurationPlatforms) = postSolution
		{9E27484B-E399-4469-89E4-FF0FF34E233E}.Debug|x64.ActiveCfg = Debug|x64
		{9E27484B-E399-4469-89E4-FF0FF34E233E}.Debug|x64.Build.0 = Debug|x64
		{9E27484B-E399-4469-89E4-FF0FF34E233E}.Debug|x86.ActiveCfg = Debug|Win32
		{9E27484B-E399-4469-89E4-FF0FF34E233E}.Debug|x86.Build.0 = Debug|Win32
		{9E27484B-E399-4469-89E4-FF0FF34E233E}.Release|x64.ActiveCfg = Release|x64
		{9E27484B-E399-4469-89E4-FF0FF34E233E}.Release|x64.Build.0 = Release|x64
		{9E27484B-E399-4469-89E4-FF0FF34E233E}.Release|x86.ActiveCfg = Release|Win32
		{9E27484B-E399-4469-89E4-FF0FF34E233E}.Release|x86.Build.0 = Release|Win32
		{9580A9BA-2C2C-4359-852C-FD627732BF1D}.Debug|x64.ActiveCfg = Debug|x64
		{9580A9BA-2C2C-4359-852C-FD627732BF1D}.Debug|x64.Build.0 = Debug|x64
		{9580A9BA-2C2C-4359-852C-FD627732BF1D}.Debug|x86.ActiveCfg = Debug|Win32
		{9580A9BA-2C2C-4359-852C-FD627732BF1D}.Debug|x86.Build.0 = Debug|Win32
		{9580A9BA-2C2C-4359-852C-FD627732BF1D}.Release|x64.ActiveCfg = Release|x64
		{9580A9BA-2C2C-4359-852C-FD627732BF1D}.Release|x64.Build.0 = Release|x64
		{9580A9BA-2C2C-4359-852C-FD627732BF1D}.Release|x86.ActiveCfg = Release|Win32
		{9580A9BA-2C2C-4359-852C-FD627732BF1D}.Release|x86.Build.0 = Release|Win32
		{D27A53F1-636E-44A0-87AD-E856D5D4BC17}.Debug|x64.ActiveCfg = Debug|x64
		{D27A53F1-636E-44A0-87AD-E856D5D4BC17}.Debug|x64.Build.0 = Debug|x64
		{D27A53F1-636E-44A0-87AD-E856D5D4BC17}.Debug|x86.ActiveCfg = Debug|Win32
		{D27A53F1-636E-44A0-87AD-E856D5D4BC17}.Debug|x86.Build.0 = Debug|Win32
		{D27A53F1-636E-44A0-87AD-E856D5D4BC17}.Release|x64.ActiveCfg = Release|x64
		{D27A53F1-636E-44A0-87AD-E856D5D4BC17}.Release|x64.Build.0 = Release|x64
		{D27A53F1-636E-44A0-87AD-E856D5D4BC17}.Release|x86.ActiveCfg = Release|Win32
		{D27A53F1-636E-44A0-87AD-E856D5D4BC17}.Release|x86.Build.0 = Release|Win32
		{1C2AF6C9-6787-41D2-8281-BCCEFBB46768}.Debug|x64.ActiveCfg = Debug|x64
		{1C2AF6C9-6787-41D2-8281-BCCEFBB46768}.Debug|x64.Build.0 = Debug|x64
		{1C2AF6C9-6787-41D2-8281-BCCEFBB46768}.Debug|x86.ActiveCfg = Debug|Win32
		{1C2AF6C9-6787-41D2-8281-BCCEFBB46768}.Debug|x86.Build.0 = Debug|Win32
		{1C2AF6C9-6787-41D2-8281-BCCEFBB46768}.Release|x64.ActiveCfg = Release|x64
		{1C2AF6C9-6787-41D2-8281-BCCEFBB46768}.Release|x64.Build.0 = Release|x64
		{1C2AF6C9-6787-41D2-8281-BCCEFBB46768}.Release|x86.ActiveCfg = Release|Win32
		{1C2AF6C9-6787-41D2-8281-BCCEFBB46768}.Release|x86.Build.0 = Release|Win32
		{76AE2C3A-8E0C-467F-8B79-89605F4A5259}.Debug|x64.ActiveCfg = Debug|x64
		{76AE2C3A-8E0C-467F-8B79-89605F4A5259}.Debug|x64.Build.0 = Debug|x64
		{76AE2C3A-8E0C-467F-8B79-89605F4A5259}.Debug|x86.ActiveCfg = Debug|Win32
		{76AE2C3A-8E0C-467F-8B79-89605F4A5259}.Debug|x86.Build.0 = Debug|Win32
		{76AE2C3A-8E0C-467F-8B79-89605F4A5259}.Release|x64.ActiveCfg = Release|x64
		{76AE2C3A-8E0C-467F-8B79-89605F4A5259}.Release|x64.Build.0 = Release|x64
		{76AE2C3A-8E0C-467F-8B79-89605F4A5259}.Release|x86.ActiveCfg = Release|Win32
		{76AE2C3A-8E0C-467F-8B79-89605F4A5259}.Release|x86.Build.0 = Release|Win32
		{61DC72B7-BAB5-4F52-9B54-AD2F5877B32F}.Debug|x64.ActiveCfg = Debug|x64
		{61DC72B7-BAB5-4F52-9B54-AD2F5877B32F}.Debug|x64.Build.0 = Debug|x64
		{61DC72B7-BAB5-4F52-9B54-AD2F5877B32F}.Debug|x86.ActiveCfg = Debug|Win32
		{61DC72B7-BAB5-4F52-9B54-AD2F5877B32F}.Debug|x86.Build.0 = Debug|Win32
		{61DC72B7-BAB5-4F52-9B54-AD2F5877B32F}.Release|x64.ActiveCfg = Release|x64
		{61DC72B7-BAB5-4F52-9B54-AD2F5877B32F}.Release|x64.Build.0 = Release|x64
		{61DC72B7-BAB5-4F52-9B54-AD2F5877B32F}.Release|x86.ActiveCfg = Release|Win32
		{61DC72B7-BAB5-4F52-9B54-AD2F5877B32F}.Release|x86.Build.0 = Release|Win32
		{3106B422-A4EC-4E3C-BB84-06F82C927D43}.Debug|x64.ActiveCfg = Debug|x64
		{3106B422-A4EC-4E3C-BB84-06F82C927D43}.Debug|x64.Build.0 = Debug|x64
		{3106B422-A4EC-4E3C-BB84-06F82C927D43}.Debug|x86.ActiveCfg = Debug|Win32
		{3106B422-A4EC-4E3C-BB84-06F82C927D43}.Debug|x86.Build.0 = Debug|Win32
		{3106B422-A4EC-4E3C-BB84-06F82C927D43}.Release|x64.ActiveCfg = Release|x64
		{3106B422-A4EC-4E3C-BB84-06F82C927D43}.Release|x64.Build.0 = Release|x64
		{3106B422-A4EC-4E3C-BB84-06F82C927D43}.Release|x86.ActiveCfg = Release|Win32
		{3106B422-A4EC-4E3C-BB84-06F82C927D43}.Release|x86.Build.0 = Release|Win32
		{83B40A7A-2108-4727-8B57-D65F5708A23D}.Debug|x64.ActiveCfg = Debug|x64
		{83B40A7A-2108-4727-8B57-D65F5708A23D}.Debug|x64.Build.0 = Debug|x64
		{83B40A7A-2108-4727-8B57-D65F5708A23D}.Debug|x86.ActiveCfg = Debug|Win32
		{83B40A7A-2108-4727-8B57-D65F5708A23D}.Debug|x86.Build.0 = Debug|Win32
		{83B40A7A-2108-4727-8B57-D65F5708A23D}.Release|x64.ActiveCfg = Release|x64
		{83B40A7A-2108-4727-8B57-D65F5708A23D}.Release|x64.Build.0 = Release|x64
		{83B40A7A-2108-4727-8B57-D65F5708A23D}.Release|x86.ActiveCfg = Release|Win32
		{83B40A7A-2108-4727-8B57-D65F5708A23D}.Release|x86.Build.0 = Release|Win32
		{C60C5F53-004F-4BB9-A488-909DF1FF836D}.Debug|x64.ActiveCfg = Debug|x64
		{C60C5F53-004F-4BB9-A488-909DF1FF836D}.Debug|x64.Build.0 = Debug|x64
		{C60C5F53-004F-4BB9-A488-909DF1FF836D}.Debug|x86.ActiveCfg = Debug|Win32
		{C60C5F53-004F-4BB9-A488-909DF1FF836D}.Debug|x86.Build.0 = Debug|Win32
		{C60C5F53-004F-4BB9-A488-909DF1FF836D}.Release|x64.ActiveCfg = Release|x64
		{C60C5F53-004F-4BB9-A488-909DF1FF836D}.Release|x64.Build.0 = Release|x64
		{C60C5F53-004F-4BB9-A488-909DF1FF836D}.Release|x86.ActiveCfg = Release|Win32
		{C60C5F53-004F-4BB9-A488-909DF1FF836D}.Release|x86.Build.0 = Release|Win32
	EndGlobalSection
	GlobalSection(SolutionProperties) = preSolution
		HideSolutionNode = FALSE
	EndGlobalSection
	GlobalSection(ExtensibilityGlobals) = postSolution
		SolutionGuid = {00ADF809-7285-431E-8835-A0CA57914D6F}
	EndGlobalSection
EndGlobal
