
Microsoft Visual Studio Solution File, Format Version 12.00
# Visual Studio Version 16
VisualStudioVersion = 16.0.32802.440
MinimumVisualStudioVersion = 10.0.40219.1
Project("{8BC9CEB8-8B4A-11D0-8D11-00A0C91BC942}") = "平台数据", "PlatformData.vcxproj", "{76AE2C3A-8E0C-467F-8B79-89605F4A5259}"
EndProject
Global
	GlobalSection(SolutionConfigurationPlatforms) = preSolution
		Debug|x64 = Debug|x64
		Release|x64 = Release|x64
	EndGlobalSection
	GlobalSection(ProjectConfigurationPlatforms) = postSolution
		{76AE2C3A-8E0C-467F-8B79-89605F4A5259}.Debug|x64.ActiveCfg = Debug|x64
		{76AE2C3A-8E0C-467F-8B79-89605F4A5259}.Debug|x64.Build.0 = Debug|x64
		{76AE2C3A-8E0C-467F-8B79-89605F4A5259}.Release|x64.ActiveCfg = Release|x64
		{76AE2C3A-8E0C-467F-8B79-89605F4A5259}.Release|x64.Build.0 = Release|x64
	EndGlobalSection
	GlobalSection(SolutionProperties) = preSolution
		HideSolutionNode = FALSE
	EndGlobalSection
	GlobalSection(ExtensibilityGlobals) = postSolution
		SolutionGuid = {318FFED0-3D6C-44D5-8FC8-786131228AE3}
	EndGlobalSection
EndGlobal
