
Microsoft Visual Studio Solution File, Format Version 12.00
# Visual Studio Version 16
VisualStudioVersion = 16.0.32802.440
MinimumVisualStudioVersion = 10.0.40219.1
Project("{8BC9CEB8-8B4A-11D0-8D11-00A0C91BC942}") = "约战服务器", "BattleServer.vcxproj", "{3A4A7F61-9331-4470-8AAD-7D652AF29676}"
EndProject
Global
	GlobalSection(SolutionConfigurationPlatforms) = preSolution
		Debug|x64 = Debug|x64
		Release|x64 = Release|x64
	EndGlobalSection
	GlobalSection(ProjectConfigurationPlatforms) = postSolution
		{3A4A7F61-9331-4470-8AAD-7D652AF29676}.Debug|x64.ActiveCfg = Debug|x64
		{3A4A7F61-9331-4470-8AAD-7D652AF29676}.Debug|x64.Build.0 = Debug|x64
		{3A4A7F61-9331-4470-8AAD-7D652AF29676}.Release|x64.ActiveCfg = Release|x64
		{3A4A7F61-9331-4470-8AAD-7D652AF29676}.Release|x64.Build.0 = Release|x64
	EndGlobalSection
	GlobalSection(SolutionProperties) = preSolution
		HideSolutionNode = FALSE
	EndGlobalSection
	GlobalSection(ExtensibilityGlobals) = postSolution
		SolutionGuid = {4D17B113-0349-4365-804B-EFA05BDD28AC}
	EndGlobalSection
EndGlobal
