<?xml version="1.0" encoding="utf-8"?>
<Project ToolsVersion="16.0" xmlns="http://schemas.microsoft.com/developer/msbuild/2003">
  <ItemGroup>
    <ClCompile Include="alloc.c" />
    <ClCompile Include="async.c" />
    <ClCompile Include="dict.c" />
    <ClCompile Include="hiredis.c" />
    <ClCompile Include="net.c" />
    <ClCompile Include="read.c" />
    <ClCompile Include="sds.c" />
    <ClCompile Include="sockcompat.c" />
  </ItemGroup>
  <ItemGroup>
    <Filter Include="Source Files">
      <UniqueIdentifier>{31746A86-142A-303C-AF6A-AC91979A48BB}</UniqueIdentifier>
    </Filter>
  </ItemGroup>
</Project>