
Microsoft Visual Studio Solution File, Format Version 12.00
# Visual Studio Version 16
VisualStudioVersion = 16.0.32802.440
MinimumVisualStudioVersion = 10.0.40219.1
Project("{8BC9CEB8-8B4A-11D0-8D11-00A0C91BC942}") = "俱乐部服务", "ClubServer.vcxproj", "{E368925C-0BC5-4FFC-A547-81C845D78189}"
EndProject
Global
	GlobalSection(SolutionConfigurationPlatforms) = preSolution
		Debug|x64 = Debug|x64
		Release|x64 = Release|x64
	EndGlobalSection
	GlobalSection(ProjectConfigurationPlatforms) = postSolution
		{E368925C-0BC5-4FFC-A547-81C845D78189}.Debug|x64.ActiveCfg = Debug|x64
		{E368925C-0BC5-4FFC-A547-81C845D78189}.Debug|x64.Build.0 = Debug|x64
		{E368925C-0BC5-4FFC-A547-81C845D78189}.Release|x64.ActiveCfg = Release|x64
		{E368925C-0BC5-4FFC-A547-81C845D78189}.Release|x64.Build.0 = Release|x64
	EndGlobalSection
	GlobalSection(SolutionProperties) = preSolution
		HideSolutionNode = FALSE
	EndGlobalSection
	GlobalSection(ExtensibilityGlobals) = postSolution
		SolutionGuid = {3188505D-E2AE-4ED8-92DF-64E45C8FFC6C}
	EndGlobalSection
EndGlobal
