<?xml version="1.0" encoding="utf-8"?>
<Project ToolsVersion="16.0" xmlns="http://schemas.microsoft.com/developer/msbuild/2003">
  <ItemGroup>
    <ClCompile Include="C:\Users\Administrator\Desktop\hiredis-master\test.c">
      <Filter>Source Files</Filter>
    </ClCompile>
  </ItemGroup>
  <ItemGroup>
    <Filter Include="Source Files">
      <UniqueIdentifier>{31746A86-142A-303C-AF6A-AC91979A48BB}</UniqueIdentifier>
    </Filter>
  </ItemGroup>
</Project>