<?xml version="1.0" encoding="utf-8"?>
<Project ToolsVersion="16.0" xmlns="http://schemas.microsoft.com/developer/msbuild/2003">
  <ItemGroup>
    <CustomBuild Include="C:\Users\Administrator\Desktop\hiredis-master\CMakeFiles\6fb00c44ad3ebb487186eacb3503b68e\generate.stamp.rule">
      <Filter>CMake Rules</Filter>
    </CustomBuild>
  </ItemGroup>
  <ItemGroup>
    <Filter Include="CMake Rules">
      <UniqueIdentifier>{08A345B3-D62B-3EED-A2F3-C03CB45E9B6E}</UniqueIdentifier>
    </Filter>
  </ItemGroup>
</Project>
